
Microsoft Visual Studio Solution File, Format Version 12.00
# Visual Studio 15
VisualStudioVersion = 15.0.27703.2000
MinimumVisualStudioVersion = 10.0.40219.1
Project("{FAE04EC0-301F-11D3-BF4B-00C04F79EFBC}") = "Falla.Android", "Falla\Falla.Android\Falla.Android.csproj", "{ECE2E619-5BF5-431B-83B5-E077C12A1D50}"
EndProject
Project("{FAE04EC0-301F-11D3-BF4B-00C04F79EFBC}") = "Falla.iOS", "Falla\Falla.iOS\Falla.iOS.csproj", "{2618960E-5F36-4451-8630-E97DFF9537CA}"
EndProject
Project("{FAE04EC0-301F-11D3-BF4B-00C04F79EFBC}") = "Falla", "Falla\Falla\Falla.csproj", "{6E11D75F-A405-4D16-A937-B64A45197994}"
EndProject
Project("{FAE04EC0-301F-11D3-BF4B-00C04F79EFBC}") = "Falla.Domain", "Falla.Domain\Falla.Domain.csproj", "{88404566-6309-4901-B4F2-6B844D5EB8B5}"
EndProject
Project("{FAE04EC0-301F-11D3-BF4B-00C04F79EFBC}") = "Falla.Backend", "Falla.Backend\Falla.Backend.csproj", "{236E28EB-E325-4980-A816-43971F40CD88}"
EndProject
Project("{FAE04EC0-301F-11D3-BF4B-00C04F79EFBC}") = "Falla.API", "Falla.API\Falla.API.csproj", "{9BA92EE4-8B94-4957-B1B4-AD9096260870}"
EndProject
Global
	GlobalSection(SolutionConfigurationPlatforms) = preSolution
		Ad-Hoc|Any CPU = Ad-Hoc|Any CPU
		Ad-Hoc|iPhone = Ad-Hoc|iPhone
		Ad-Hoc|iPhoneSimulator = Ad-Hoc|iPhoneSimulator
		AppStore|Any CPU = AppStore|Any CPU
		AppStore|iPhone = AppStore|iPhone
		AppStore|iPhoneSimulator = AppStore|iPhoneSimulator
		Debug|Any CPU = Debug|Any CPU
		Debug|iPhone = Debug|iPhone
		Debug|iPhoneSimulator = Debug|iPhoneSimulator
		Release|Any CPU = Release|Any CPU
		Release|iPhone = Release|iPhone
		Release|iPhoneSimulator = Release|iPhoneSimulator
	EndGlobalSection
	GlobalSection(ProjectConfigurationPlatforms) = postSolution
		{ECE2E619-5BF5-431B-83B5-E077C12A1D50}.Ad-Hoc|Any CPU.ActiveCfg = Release|Any CPU
		{ECE2E619-5BF5-431B-83B5-E077C12A1D50}.Ad-Hoc|Any CPU.Build.0 = Release|Any CPU
		{ECE2E619-5BF5-431B-83B5-E077C12A1D50}.Ad-Hoc|Any CPU.Deploy.0 = Release|Any CPU
		{ECE2E619-5BF5-431B-83B5-E077C12A1D50}.Ad-Hoc|iPhone.ActiveCfg = Release|Any CPU
		{ECE2E619-5BF5-431B-83B5-E077C12A1D50}.Ad-Hoc|iPhone.Build.0 = Release|Any CPU
		{ECE2E619-5BF5-431B-83B5-E077C12A1D50}.Ad-Hoc|iPhone.Deploy.0 = Release|Any CPU
		{ECE2E619-5BF5-431B-83B5-E077C12A1D50}.Ad-Hoc|iPhoneSimulator.ActiveCfg = Release|Any CPU
		{ECE2E619-5BF5-431B-83B5-E077C12A1D50}.Ad-Hoc|iPhoneSimulator.Build.0 = Release|Any CPU
		{ECE2E619-5BF5-431B-83B5-E077C12A1D50}.Ad-Hoc|iPhoneSimulator.Deploy.0 = Release|Any CPU
		{ECE2E619-5BF5-431B-83B5-E077C12A1D50}.AppStore|Any CPU.ActiveCfg = Release|Any CPU
		{ECE2E619-5BF5-431B-83B5-E077C12A1D50}.AppStore|Any CPU.Build.0 = Release|Any CPU
		{ECE2E619-5BF5-431B-83B5-E077C12A1D50}.AppStore|Any CPU.Deploy.0 = Release|Any CPU
		{ECE2E619-5BF5-431B-83B5-E077C12A1D50}.AppStore|iPhone.ActiveCfg = Release|Any CPU
		{ECE2E619-5BF5-431B-83B5-E077C12A1D50}.AppStore|iPhone.Build.0 = Release|Any CPU
		{ECE2E619-5BF5-431B-83B5-E077C12A1D50}.AppStore|iPhone.Deploy.0 = Release|Any CPU
		{ECE2E619-5BF5-431B-83B5-E077C12A1D50}.AppStore|iPhoneSimulator.ActiveCfg = Release|Any CPU
		{ECE2E619-5BF5-431B-83B5-E077C12A1D50}.AppStore|iPhoneSimulator.Build.0 = Release|Any CPU
		{ECE2E619-5BF5-431B-83B5-E077C12A1D50}.AppStore|iPhoneSimulator.Deploy.0 = Release|Any CPU
		{ECE2E619-5BF5-431B-83B5-E077C12A1D50}.Debug|Any CPU.ActiveCfg = Debug|Any CPU
		{ECE2E619-5BF5-431B-83B5-E077C12A1D50}.Debug|Any CPU.Build.0 = Debug|Any CPU
		{ECE2E619-5BF5-431B-83B5-E077C12A1D50}.Debug|Any CPU.Deploy.0 = Debug|Any CPU
		{ECE2E619-5BF5-431B-83B5-E077C12A1D50}.Debug|iPhone.ActiveCfg = Debug|Any CPU
		{ECE2E619-5BF5-431B-83B5-E077C12A1D50}.Debug|iPhone.Build.0 = Debug|Any CPU
		{ECE2E619-5BF5-431B-83B5-E077C12A1D50}.Debug|iPhone.Deploy.0 = Debug|Any CPU
		{ECE2E619-5BF5-431B-83B5-E077C12A1D50}.Debug|iPhoneSimulator.ActiveCfg = Debug|Any CPU
		{ECE2E619-5BF5-431B-83B5-E077C12A1D50}.Debug|iPhoneSimulator.Build.0 = Debug|Any CPU
		{ECE2E619-5BF5-431B-83B5-E077C12A1D50}.Debug|iPhoneSimulator.Deploy.0 = Debug|Any CPU
		{ECE2E619-5BF5-431B-83B5-E077C12A1D50}.Release|Any CPU.ActiveCfg = Release|Any CPU
		{ECE2E619-5BF5-431B-83B5-E077C12A1D50}.Release|Any CPU.Build.0 = Release|Any CPU
		{ECE2E619-5BF5-431B-83B5-E077C12A1D50}.Release|Any CPU.Deploy.0 = Release|Any CPU
		{ECE2E619-5BF5-431B-83B5-E077C12A1D50}.Release|iPhone.ActiveCfg = Release|Any CPU
		{ECE2E619-5BF5-431B-83B5-E077C12A1D50}.Release|iPhone.Build.0 = Release|Any CPU
		{ECE2E619-5BF5-431B-83B5-E077C12A1D50}.Release|iPhone.Deploy.0 = Release|Any CPU
		{ECE2E619-5BF5-431B-83B5-E077C12A1D50}.Release|iPhoneSimulator.ActiveCfg = Release|Any CPU
		{ECE2E619-5BF5-431B-83B5-E077C12A1D50}.Release|iPhoneSimulator.Build.0 = Release|Any CPU
		{ECE2E619-5BF5-431B-83B5-E077C12A1D50}.Release|iPhoneSimulator.Deploy.0 = Release|Any CPU
		{2618960E-5F36-4451-8630-E97DFF9537CA}.Ad-Hoc|Any CPU.ActiveCfg = Ad-Hoc|iPhone
		{2618960E-5F36-4451-8630-E97DFF9537CA}.Ad-Hoc|Any CPU.Build.0 = Ad-Hoc|iPhone
		{2618960E-5F36-4451-8630-E97DFF9537CA}.Ad-Hoc|Any CPU.Deploy.0 = Ad-Hoc|iPhone
		{2618960E-5F36-4451-8630-E97DFF9537CA}.Ad-Hoc|iPhone.ActiveCfg = Ad-Hoc|iPhone
		{2618960E-5F36-4451-8630-E97DFF9537CA}.Ad-Hoc|iPhone.Build.0 = Ad-Hoc|iPhone
		{2618960E-5F36-4451-8630-E97DFF9537CA}.Ad-Hoc|iPhone.Deploy.0 = Ad-Hoc|iPhone
		{2618960E-5F36-4451-8630-E97DFF9537CA}.Ad-Hoc|iPhoneSimulator.ActiveCfg = Ad-Hoc|iPhoneSimulator
		{2618960E-5F36-4451-8630-E97DFF9537CA}.Ad-Hoc|iPhoneSimulator.Build.0 = Ad-Hoc|iPhoneSimulator
		{2618960E-5F36-4451-8630-E97DFF9537CA}.Ad-Hoc|iPhoneSimulator.Deploy.0 = Ad-Hoc|iPhoneSimulator
		{2618960E-5F36-4451-8630-E97DFF9537CA}.AppStore|Any CPU.ActiveCfg = AppStore|iPhone
		{2618960E-5F36-4451-8630-E97DFF9537CA}.AppStore|Any CPU.Build.0 = AppStore|iPhone
		{2618960E-5F36-4451-8630-E97DFF9537CA}.AppStore|Any CPU.Deploy.0 = AppStore|iPhone
		{2618960E-5F36-4451-8630-E97DFF9537CA}.AppStore|iPhone.ActiveCfg = AppStore|iPhone
		{2618960E-5F36-4451-8630-E97DFF9537CA}.AppStore|iPhone.Build.0 = AppStore|iPhone
		{2618960E-5F36-4451-8630-E97DFF9537CA}.AppStore|iPhone.Deploy.0 = AppStore|iPhone
		{2618960E-5F36-4451-8630-E97DFF9537CA}.AppStore|iPhoneSimulator.ActiveCfg = AppStore|iPhoneSimulator
		{2618960E-5F36-4451-8630-E97DFF9537CA}.AppStore|iPhoneSimulator.Build.0 = AppStore|iPhoneSimulator
		{2618960E-5F36-4451-8630-E97DFF9537CA}.AppStore|iPhoneSimulator.Deploy.0 = AppStore|iPhoneSimulator
		{2618960E-5F36-4451-8630-E97DFF9537CA}.Debug|Any CPU.ActiveCfg = Debug|iPhoneSimulator
		{2618960E-5F36-4451-8630-E97DFF9537CA}.Debug|Any CPU.Build.0 = Debug|iPhoneSimulator
		{2618960E-5F36-4451-8630-E97DFF9537CA}.Debug|Any CPU.Deploy.0 = Debug|iPhoneSimulator
		{2618960E-5F36-4451-8630-E97DFF9537CA}.Debug|iPhone.ActiveCfg = Debug|iPhone
		{2618960E-5F36-4451-8630-E97DFF9537CA}.Debug|iPhone.Build.0 = Debug|iPhone
		{2618960E-5F36-4451-8630-E97DFF9537CA}.Debug|iPhone.Deploy.0 = Debug|iPhone
		{2618960E-5F36-4451-8630-E97DFF9537CA}.Debug|iPhoneSimulator.ActiveCfg = Debug|iPhoneSimulator
		{2618960E-5F36-4451-8630-E97DFF9537CA}.Debug|iPhoneSimulator.Build.0 = Debug|iPhoneSimulator
		{2618960E-5F36-4451-8630-E97DFF9537CA}.Debug|iPhoneSimulator.Deploy.0 = Debug|iPhoneSimulator
		{2618960E-5F36-4451-8630-E97DFF9537CA}.Release|Any CPU.ActiveCfg = Release|iPhone
		{2618960E-5F36-4451-8630-E97DFF9537CA}.Release|Any CPU.Build.0 = Release|iPhone
		{2618960E-5F36-4451-8630-E97DFF9537CA}.Release|Any CPU.Deploy.0 = Release|iPhone
		{2618960E-5F36-4451-8630-E97DFF9537CA}.Release|iPhone.ActiveCfg = Release|iPhone
		{2618960E-5F36-4451-8630-E97DFF9537CA}.Release|iPhone.Build.0 = Release|iPhone
		{2618960E-5F36-4451-8630-E97DFF9537CA}.Release|iPhone.Deploy.0 = Release|iPhone
		{2618960E-5F36-4451-8630-E97DFF9537CA}.Release|iPhoneSimulator.ActiveCfg = Release|iPhoneSimulator
		{2618960E-5F36-4451-8630-E97DFF9537CA}.Release|iPhoneSimulator.Build.0 = Release|iPhoneSimulator
		{2618960E-5F36-4451-8630-E97DFF9537CA}.Release|iPhoneSimulator.Deploy.0 = Release|iPhoneSimulator
		{6E11D75F-A405-4D16-A937-B64A45197994}.Ad-Hoc|Any CPU.ActiveCfg = Debug|Any CPU
		{6E11D75F-A405-4D16-A937-B64A45197994}.Ad-Hoc|Any CPU.Build.0 = Debug|Any CPU
		{6E11D75F-A405-4D16-A937-B64A45197994}.Ad-Hoc|Any CPU.Deploy.0 = Debug|Any CPU
		{6E11D75F-A405-4D16-A937-B64A45197994}.Ad-Hoc|iPhone.ActiveCfg = Debug|Any CPU
		{6E11D75F-A405-4D16-A937-B64A45197994}.Ad-Hoc|iPhone.Build.0 = Debug|Any CPU
		{6E11D75F-A405-4D16-A937-B64A45197994}.Ad-Hoc|iPhone.Deploy.0 = Debug|Any CPU
		{6E11D75F-A405-4D16-A937-B64A45197994}.Ad-Hoc|iPhoneSimulator.ActiveCfg = Debug|Any CPU
		{6E11D75F-A405-4D16-A937-B64A45197994}.Ad-Hoc|iPhoneSimulator.Build.0 = Debug|Any CPU
		{6E11D75F-A405-4D16-A937-B64A45197994}.Ad-Hoc|iPhoneSimulator.Deploy.0 = Debug|Any CPU
		{6E11D75F-A405-4D16-A937-B64A45197994}.AppStore|Any CPU.ActiveCfg = Debug|Any CPU
		{6E11D75F-A405-4D16-A937-B64A45197994}.AppStore|Any CPU.Build.0 = Debug|Any CPU
		{6E11D75F-A405-4D16-A937-B64A45197994}.AppStore|Any CPU.Deploy.0 = Debug|Any CPU
		{6E11D75F-A405-4D16-A937-B64A45197994}.AppStore|iPhone.ActiveCfg = Debug|Any CPU
		{6E11D75F-A405-4D16-A937-B64A45197994}.AppStore|iPhone.Build.0 = Debug|Any CPU
		{6E11D75F-A405-4D16-A937-B64A45197994}.AppStore|iPhone.Deploy.0 = Debug|Any CPU
		{6E11D75F-A405-4D16-A937-B64A45197994}.AppStore|iPhoneSimulator.ActiveCfg = Debug|Any CPU
		{6E11D75F-A405-4D16-A937-B64A45197994}.AppStore|iPhoneSimulator.Build.0 = Debug|Any CPU
		{6E11D75F-A405-4D16-A937-B64A45197994}.AppStore|iPhoneSimulator.Deploy.0 = Debug|Any CPU
		{6E11D75F-A405-4D16-A937-B64A45197994}.Debug|Any CPU.ActiveCfg = Debug|Any CPU
		{6E11D75F-A405-4D16-A937-B64A45197994}.Debug|Any CPU.Build.0 = Debug|Any CPU
		{6E11D75F-A405-4D16-A937-B64A45197994}.Debug|Any CPU.Deploy.0 = Debug|Any CPU
		{6E11D75F-A405-4D16-A937-B64A45197994}.Debug|iPhone.ActiveCfg = Debug|Any CPU
		{6E11D75F-A405-4D16-A937-B64A45197994}.Debug|iPhone.Build.0 = Debug|Any CPU
		{6E11D75F-A405-4D16-A937-B64A45197994}.Debug|iPhone.Deploy.0 = Debug|Any CPU
		{6E11D75F-A405-4D16-A937-B64A45197994}.Debug|iPhoneSimulator.ActiveCfg = Debug|Any CPU
		{6E11D75F-A405-4D16-A937-B64A45197994}.Debug|iPhoneSimulator.Build.0 = Debug|Any CPU
		{6E11D75F-A405-4D16-A937-B64A45197994}.Debug|iPhoneSimulator.Deploy.0 = Debug|Any CPU
		{6E11D75F-A405-4D16-A937-B64A45197994}.Release|Any CPU.ActiveCfg = Release|Any CPU
		{6E11D75F-A405-4D16-A937-B64A45197994}.Release|Any CPU.Build.0 = Release|Any CPU
		{6E11D75F-A405-4D16-A937-B64A45197994}.Release|Any CPU.Deploy.0 = Release|Any CPU
		{6E11D75F-A405-4D16-A937-B64A45197994}.Release|iPhone.ActiveCfg = Release|Any CPU
		{6E11D75F-A405-4D16-A937-B64A45197994}.Release|iPhone.Build.0 = Release|Any CPU
		{6E11D75F-A405-4D16-A937-B64A45197994}.Release|iPhone.Deploy.0 = Release|Any CPU
		{6E11D75F-A405-4D16-A937-B64A45197994}.Release|iPhoneSimulator.ActiveCfg = Release|Any CPU
		{6E11D75F-A405-4D16-A937-B64A45197994}.Release|iPhoneSimulator.Build.0 = Release|Any CPU
		{6E11D75F-A405-4D16-A937-B64A45197994}.Release|iPhoneSimulator.Deploy.0 = Release|Any CPU
		{88404566-6309-4901-B4F2-6B844D5EB8B5}.Ad-Hoc|Any CPU.ActiveCfg = Release|Any CPU
		{88404566-6309-4901-B4F2-6B844D5EB8B5}.Ad-Hoc|Any CPU.Build.0 = Release|Any CPU
		{88404566-6309-4901-B4F2-6B844D5EB8B5}.Ad-Hoc|iPhone.ActiveCfg = Release|Any CPU
		{88404566-6309-4901-B4F2-6B844D5EB8B5}.Ad-Hoc|iPhone.Build.0 = Release|Any CPU
		{88404566-6309-4901-B4F2-6B844D5EB8B5}.Ad-Hoc|iPhoneSimulator.ActiveCfg = Release|Any CPU
		{88404566-6309-4901-B4F2-6B844D5EB8B5}.Ad-Hoc|iPhoneSimulator.Build.0 = Release|Any CPU
		{88404566-6309-4901-B4F2-6B844D5EB8B5}.AppStore|Any CPU.ActiveCfg = Release|Any CPU
		{88404566-6309-4901-B4F2-6B844D5EB8B5}.AppStore|Any CPU.Build.0 = Release|Any CPU
		{88404566-6309-4901-B4F2-6B844D5EB8B5}.AppStore|iPhone.ActiveCfg = Release|Any CPU
		{88404566-6309-4901-B4F2-6B844D5EB8B5}.AppStore|iPhone.Build.0 = Release|Any CPU
		{88404566-6309-4901-B4F2-6B844D5EB8B5}.AppStore|iPhoneSimulator.ActiveCfg = Release|Any CPU
		{88404566-6309-4901-B4F2-6B844D5EB8B5}.AppStore|iPhoneSimulator.Build.0 = Release|Any CPU
		{88404566-6309-4901-B4F2-6B844D5EB8B5}.Debug|Any CPU.ActiveCfg = Debug|Any CPU
		{88404566-6309-4901-B4F2-6B844D5EB8B5}.Debug|Any CPU.Build.0 = Debug|Any CPU
		{88404566-6309-4901-B4F2-6B844D5EB8B5}.Debug|iPhone.ActiveCfg = Debug|Any CPU
		{88404566-6309-4901-B4F2-6B844D5EB8B5}.Debug|iPhone.Build.0 = Debug|Any CPU
		{88404566-6309-4901-B4F2-6B844D5EB8B5}.Debug|iPhoneSimulator.ActiveCfg = Debug|Any CPU
		{88404566-6309-4901-B4F2-6B844D5EB8B5}.Debug|iPhoneSimulator.Build.0 = Debug|Any CPU
		{88404566-6309-4901-B4F2-6B844D5EB8B5}.Release|Any CPU.ActiveCfg = Release|Any CPU
		{88404566-6309-4901-B4F2-6B844D5EB8B5}.Release|Any CPU.Build.0 = Release|Any CPU
		{88404566-6309-4901-B4F2-6B844D5EB8B5}.Release|iPhone.ActiveCfg = Release|Any CPU
		{88404566-6309-4901-B4F2-6B844D5EB8B5}.Release|iPhone.Build.0 = Release|Any CPU
		{88404566-6309-4901-B4F2-6B844D5EB8B5}.Release|iPhoneSimulator.ActiveCfg = Release|Any CPU
		{88404566-6309-4901-B4F2-6B844D5EB8B5}.Release|iPhoneSimulator.Build.0 = Release|Any CPU
		{236E28EB-E325-4980-A816-43971F40CD88}.Ad-Hoc|Any CPU.ActiveCfg = Release|Any CPU
		{236E28EB-E325-4980-A816-43971F40CD88}.Ad-Hoc|Any CPU.Build.0 = Release|Any CPU
		{236E28EB-E325-4980-A816-43971F40CD88}.Ad-Hoc|iPhone.ActiveCfg = Release|Any CPU
		{236E28EB-E325-4980-A816-43971F40CD88}.Ad-Hoc|iPhone.Build.0 = Release|Any CPU
		{236E28EB-E325-4980-A816-43971F40CD88}.Ad-Hoc|iPhoneSimulator.ActiveCfg = Release|Any CPU
		{236E28EB-E325-4980-A816-43971F40CD88}.Ad-Hoc|iPhoneSimulator.Build.0 = Release|Any CPU
		{236E28EB-E325-4980-A816-43971F40CD88}.AppStore|Any CPU.ActiveCfg = Release|Any CPU
		{236E28EB-E325-4980-A816-43971F40CD88}.AppStore|Any CPU.Build.0 = Release|Any CPU
		{236E28EB-E325-4980-A816-43971F40CD88}.AppStore|iPhone.ActiveCfg = Release|Any CPU
		{236E28EB-E325-4980-A816-43971F40CD88}.AppStore|iPhone.Build.0 = Release|Any CPU
		{236E28EB-E325-4980-A816-43971F40CD88}.AppStore|iPhoneSimulator.ActiveCfg = Release|Any CPU
		{236E28EB-E325-4980-A816-43971F40CD88}.AppStore|iPhoneSimulator.Build.0 = Release|Any CPU
		{236E28EB-E325-4980-A816-43971F40CD88}.Debug|Any CPU.ActiveCfg = Debug|Any CPU
		{236E28EB-E325-4980-A816-43971F40CD88}.Debug|Any CPU.Build.0 = Debug|Any CPU
		{236E28EB-E325-4980-A816-43971F40CD88}.Debug|iPhone.ActiveCfg = Debug|Any CPU
		{236E28EB-E325-4980-A816-43971F40CD88}.Debug|iPhone.Build.0 = Debug|Any CPU
		{236E28EB-E325-4980-A816-43971F40CD88}.Debug|iPhoneSimulator.ActiveCfg = Debug|Any CPU
		{236E28EB-E325-4980-A816-43971F40CD88}.Debug|iPhoneSimulator.Build.0 = Debug|Any CPU
		{236E28EB-E325-4980-A816-43971F40CD88}.Release|Any CPU.ActiveCfg = Release|Any CPU
		{236E28EB-E325-4980-A816-43971F40CD88}.Release|Any CPU.Build.0 = Release|Any CPU
		{236E28EB-E325-4980-A816-43971F40CD88}.Release|iPhone.ActiveCfg = Release|Any CPU
		{236E28EB-E325-4980-A816-43971F40CD88}.Release|iPhone.Build.0 = Release|Any CPU
		{236E28EB-E325-4980-A816-43971F40CD88}.Release|iPhoneSimulator.ActiveCfg = Release|Any CPU
		{236E28EB-E325-4980-A816-43971F40CD88}.Release|iPhoneSimulator.Build.0 = Release|Any CPU
		{9BA92EE4-8B94-4957-B1B4-AD9096260870}.Ad-Hoc|Any CPU.ActiveCfg = Release|Any CPU
		{9BA92EE4-8B94-4957-B1B4-AD9096260870}.Ad-Hoc|Any CPU.Build.0 = Release|Any CPU
		{9BA92EE4-8B94-4957-B1B4-AD9096260870}.Ad-Hoc|iPhone.ActiveCfg = Release|Any CPU
		{9BA92EE4-8B94-4957-B1B4-AD9096260870}.Ad-Hoc|iPhone.Build.0 = Release|Any CPU
		{9BA92EE4-8B94-4957-B1B4-AD9096260870}.Ad-Hoc|iPhoneSimulator.ActiveCfg = Release|Any CPU
		{9BA92EE4-8B94-4957-B1B4-AD9096260870}.Ad-Hoc|iPhoneSimulator.Build.0 = Release|Any CPU
		{9BA92EE4-8B94-4957-B1B4-AD9096260870}.AppStore|Any CPU.ActiveCfg = Release|Any CPU
		{9BA92EE4-8B94-4957-B1B4-AD9096260870}.AppStore|Any CPU.Build.0 = Release|Any CPU
		{9BA92EE4-8B94-4957-B1B4-AD9096260870}.AppStore|iPhone.ActiveCfg = Release|Any CPU
		{9BA92EE4-8B94-4957-B1B4-AD9096260870}.AppStore|iPhone.Build.0 = Release|Any CPU
		{9BA92EE4-8B94-4957-B1B4-AD9096260870}.AppStore|iPhoneSimulator.ActiveCfg = Release|Any CPU
		{9BA92EE4-8B94-4957-B1B4-AD9096260870}.AppStore|iPhoneSimulator.Build.0 = Release|Any CPU
		{9BA92EE4-8B94-4957-B1B4-AD9096260870}.Debug|Any CPU.ActiveCfg = Debug|Any CPU
		{9BA92EE4-8B94-4957-B1B4-AD9096260870}.Debug|Any CPU.Build.0 = Debug|Any CPU
		{9BA92EE4-8B94-4957-B1B4-AD9096260870}.Debug|iPhone.ActiveCfg = Debug|Any CPU
		{9BA92EE4-8B94-4957-B1B4-AD9096260870}.Debug|iPhone.Build.0 = Debug|Any CPU
		{9BA92EE4-8B94-4957-B1B4-AD9096260870}.Debug|iPhoneSimulator.ActiveCfg = Debug|Any CPU
		{9BA92EE4-8B94-4957-B1B4-AD9096260870}.Debug|iPhoneSimulator.Build.0 = Debug|Any CPU
		{9BA92EE4-8B94-4957-B1B4-AD9096260870}.Release|Any CPU.ActiveCfg = Release|Any CPU
		{9BA92EE4-8B94-4957-B1B4-AD9096260870}.Release|Any CPU.Build.0 = Release|Any CPU
		{9BA92EE4-8B94-4957-B1B4-AD9096260870}.Release|iPhone.ActiveCfg = Release|Any CPU
		{9BA92EE4-8B94-4957-B1B4-AD9096260870}.Release|iPhone.Build.0 = Release|Any CPU
		{9BA92EE4-8B94-4957-B1B4-AD9096260870}.Release|iPhoneSimulator.ActiveCfg = Release|Any CPU
		{9BA92EE4-8B94-4957-B1B4-AD9096260870}.Release|iPhoneSimulator.Build.0 = Release|Any CPU
	EndGlobalSection
	GlobalSection(SolutionProperties) = preSolution
		HideSolutionNode = FALSE
	EndGlobalSection
	GlobalSection(ExtensibilityGlobals) = postSolution
		SolutionGuid = {2ED30B87-C08B-48E0-B354-91C5EA43B4E6}
	EndGlobalSection
EndGlobal
